
Microsoft Visual Studio Solution File, Format Version 12.00
# Visual Studio Version 17
VisualStudioVersion = 17.4.33205.214
MinimumVisualStudioVersion = 10.0.40219.1
Project("{FAE04EC0-301F-11D3-BF4B-00C04F79EFBC}") = "LinkedList2", "LinkedList2\LinkedList2.csproj", "{C6A3C061-3174-4DAC-AA34-9D5CF0206FFC}"
EndProject
Global
	GlobalSection(SolutionConfigurationPlatforms) = preSolution
		Debug|Any CPU = Debug|Any CPU
		Release|Any CPU = Release|Any CPU
	EndGlobalSection
	GlobalSection(ProjectConfigurationPlatforms) = postSolution
		{C6A3C061-3174-4DAC-AA34-9D5CF0206FFC}.Debug|Any CPU.ActiveCfg = Debug|Any CPU
		{C6A3C061-3174-4DAC-AA34-9D5CF0206FFC}.Debug|Any CPU.Build.0 = Debug|Any CPU
		{C6A3C061-3174-4DAC-AA34-9D5CF0206FFC}.Release|Any CPU.ActiveCfg = Release|Any CPU
		{C6A3C061-3174-4DAC-AA34-9D5CF0206FFC}.Release|Any CPU.Build.0 = Release|Any CPU
	EndGlobalSection
	GlobalSection(SolutionProperties) = preSolution
		HideSolutionNode = FALSE
	EndGlobalSection
	GlobalSection(ExtensibilityGlobals) = postSolution
		SolutionGuid = {489034DA-E8B3-4E5F-B6F6-A5A4524ABB12}
	EndGlobalSection
EndGlobal
